
Microsoft Visual Studio Solution File, Format Version 12.00
# Visual Studio Version 17
VisualStudioVersion = 17.9.34622.214
MinimumVisualStudioVersion = 10.0.40219.1
Project("{9A19103F-16F7-4668-BE54-9A1E7A4F7556}") = "HotelManagementSystem.Contracts", "HotelManagementSystem.Contracts\HotelManagementSystem.Contracts.csproj", "{65521362-339D-4A00-8E46-B68541640D7E}"
EndProject
Project("{9A19103F-16F7-4668-BE54-9A1E7A4F7556}") = "HotelManagementSystem.Library", "HotelManagementSystem.Library\HotelManagementSystem.Library.csproj", "{1C0B6AA0-7984-4D2A-8E39-5282A28D145F}"
EndProject
Project("{9A19103F-16F7-4668-BE54-9A1E7A4F7556}") = "HotelManagementSystem.IdentityServer", "HotelManagementSystem.IdentityServer\HotelManagementSystem.IdentityServer.csproj", "{BF20A8E7-B0B1-4CB3-9C71-50EA84753711}"
EndProject
Project("{9A19103F-16F7-4668-BE54-9A1E7A4F7556}") = "HotelManagementSystem.Admin.DataAccess", "Admin\HotelManagementSystem.Admin.DataAccess\HotelManagementSystem.Admin.DataAccess.csproj", "{11F2BDD7-9687-4799-8F3E-7A983B5D9E77}"
EndProject
Project("{9A19103F-16F7-4668-BE54-9A1E7A4F7556}") = "HotelManagementSystem.Admin.API", "Admin\HotelManagementSystem.Admin.API\HotelManagementSystem.Admin.API.csproj", "{DE1BD6CC-18C4-45EF-B069-8CA747427FB8}"
EndProject
Project("{2150E333-8FDC-42A3-9474-1A3956D46DE8}") = "Admin", "Admin", "{E69EABFE-2702-41A7-8BC3-2F4F14F191EC}"
EndProject
Project("{2150E333-8FDC-42A3-9474-1A3956D46DE8}") = "FrontDesk", "FrontDesk", "{1E382F6A-8382-4D33-B55E-41AA144731BD}"
EndProject
Project("{9A19103F-16F7-4668-BE54-9A1E7A4F7556}") = "HotelManagementSystem.FrontDesk.API", "FrontDesk\HotelManagementSystem.FrontDesk.API\HotelManagementSystem.FrontDesk.API.csproj", "{4172289A-A787-4281-9944-D9F33BC0984B}"
EndProject
Project("{54A90642-561A-4BB1-A94E-469ADEE60C69}") = "HotelManagementSystem.FrontDesk.Client", "FrontDesk\HotelManagementSystem.FrontDesk.Client\HotelManagementSystem.FrontDesk.Client.esproj", "{921656FA-5D31-4661-AC3E-8B57C52C7F95}"
EndProject
Project("{9A19103F-16F7-4668-BE54-9A1E7A4F7556}") = "HotelManagementSystem.FrontDesk.DataAccess", "FrontDesk\HotelManagementSystem.FrontDesk.DataAccess\HotelManagementSystem.FrontDesk.DataAccess.csproj", "{1541BFC8-1277-4AD2-A75B-89002F33F2F6}"
EndProject
Project("{9A19103F-16F7-4668-BE54-9A1E7A4F7556}") = "HotelManagementSystem.FrontDesk.Blanket", "FrontDesk\HotelManagementSystem.FrontDesk.Blanket\HotelManagementSystem.FrontDesk.Blanket.csproj", "{4B15D745-B6B0-45F6-A674-4730174E196A}"
EndProject
Project("{9A19103F-16F7-4668-BE54-9A1E7A4F7556}") = "HotelManagementSystem.Admin.Blanket", "Admin\HotelManagementSystem.Admin.Blanket\HotelManagementSystem.Admin.Blanket.csproj", "{B39A39D5-86AA-49BF-B262-91C1F8A0B33E}"
EndProject
Project("{9A19103F-16F7-4668-BE54-9A1E7A4F7556}") = "HotelManagementSystem.Test", "HotelManagementSystem.Test\HotelManagementSystem.Test.csproj", "{84D5145D-D7B7-4C56-86FB-19ACBC07D178}"
EndProject
Project("{E53339B2-1760-4266-BCC7-CA923CBCF16C}") = "docker-compose", "docker-compose.dcproj", "{33BD8C41-A534-400C-B0CA-DA3D6FE7CA21}"
EndProject
Global
	GlobalSection(SolutionConfigurationPlatforms) = preSolution
		Debug|Any CPU = Debug|Any CPU
		Release|Any CPU = Release|Any CPU
	EndGlobalSection
	GlobalSection(ProjectConfigurationPlatforms) = postSolution
		{65521362-339D-4A00-8E46-B68541640D7E}.Debug|Any CPU.ActiveCfg = Debug|Any CPU
		{65521362-339D-4A00-8E46-B68541640D7E}.Debug|Any CPU.Build.0 = Debug|Any CPU
		{65521362-339D-4A00-8E46-B68541640D7E}.Release|Any CPU.ActiveCfg = Release|Any CPU
		{65521362-339D-4A00-8E46-B68541640D7E}.Release|Any CPU.Build.0 = Release|Any CPU
		{1C0B6AA0-7984-4D2A-8E39-5282A28D145F}.Debug|Any CPU.ActiveCfg = Debug|Any CPU
		{1C0B6AA0-7984-4D2A-8E39-5282A28D145F}.Debug|Any CPU.Build.0 = Debug|Any CPU
		{1C0B6AA0-7984-4D2A-8E39-5282A28D145F}.Release|Any CPU.ActiveCfg = Release|Any CPU
		{1C0B6AA0-7984-4D2A-8E39-5282A28D145F}.Release|Any CPU.Build.0 = Release|Any CPU
		{BF20A8E7-B0B1-4CB3-9C71-50EA84753711}.Debug|Any CPU.ActiveCfg = Debug|Any CPU
		{BF20A8E7-B0B1-4CB3-9C71-50EA84753711}.Debug|Any CPU.Build.0 = Debug|Any CPU
		{BF20A8E7-B0B1-4CB3-9C71-50EA84753711}.Release|Any CPU.ActiveCfg = Release|Any CPU
		{BF20A8E7-B0B1-4CB3-9C71-50EA84753711}.Release|Any CPU.Build.0 = Release|Any CPU
		{11F2BDD7-9687-4799-8F3E-7A983B5D9E77}.Debug|Any CPU.ActiveCfg = Debug|Any CPU
		{11F2BDD7-9687-4799-8F3E-7A983B5D9E77}.Debug|Any CPU.Build.0 = Debug|Any CPU
		{11F2BDD7-9687-4799-8F3E-7A983B5D9E77}.Release|Any CPU.ActiveCfg = Release|Any CPU
		{11F2BDD7-9687-4799-8F3E-7A983B5D9E77}.Release|Any CPU.Build.0 = Release|Any CPU
		{DE1BD6CC-18C4-45EF-B069-8CA747427FB8}.Debug|Any CPU.ActiveCfg = Debug|Any CPU
		{DE1BD6CC-18C4-45EF-B069-8CA747427FB8}.Debug|Any CPU.Build.0 = Debug|Any CPU
		{DE1BD6CC-18C4-45EF-B069-8CA747427FB8}.Release|Any CPU.ActiveCfg = Release|Any CPU
		{DE1BD6CC-18C4-45EF-B069-8CA747427FB8}.Release|Any CPU.Build.0 = Release|Any CPU
		{4172289A-A787-4281-9944-D9F33BC0984B}.Debug|Any CPU.ActiveCfg = Debug|Any CPU
		{4172289A-A787-4281-9944-D9F33BC0984B}.Debug|Any CPU.Build.0 = Debug|Any CPU
		{4172289A-A787-4281-9944-D9F33BC0984B}.Release|Any CPU.ActiveCfg = Release|Any CPU
		{4172289A-A787-4281-9944-D9F33BC0984B}.Release|Any CPU.Build.0 = Release|Any CPU
		{921656FA-5D31-4661-AC3E-8B57C52C7F95}.Debug|Any CPU.ActiveCfg = Debug|Any CPU
		{921656FA-5D31-4661-AC3E-8B57C52C7F95}.Debug|Any CPU.Build.0 = Debug|Any CPU
		{921656FA-5D31-4661-AC3E-8B57C52C7F95}.Debug|Any CPU.Deploy.0 = Debug|Any CPU
		{921656FA-5D31-4661-AC3E-8B57C52C7F95}.Release|Any CPU.ActiveCfg = Release|Any CPU
		{921656FA-5D31-4661-AC3E-8B57C52C7F95}.Release|Any CPU.Build.0 = Release|Any CPU
		{921656FA-5D31-4661-AC3E-8B57C52C7F95}.Release|Any CPU.Deploy.0 = Release|Any CPU
		{1541BFC8-1277-4AD2-A75B-89002F33F2F6}.Debug|Any CPU.ActiveCfg = Debug|Any CPU
		{1541BFC8-1277-4AD2-A75B-89002F33F2F6}.Debug|Any CPU.Build.0 = Debug|Any CPU
		{1541BFC8-1277-4AD2-A75B-89002F33F2F6}.Release|Any CPU.ActiveCfg = Release|Any CPU
		{1541BFC8-1277-4AD2-A75B-89002F33F2F6}.Release|Any CPU.Build.0 = Release|Any CPU
		{4B15D745-B6B0-45F6-A674-4730174E196A}.Debug|Any CPU.ActiveCfg = Debug|Any CPU
		{4B15D745-B6B0-45F6-A674-4730174E196A}.Debug|Any CPU.Build.0 = Debug|Any CPU
		{4B15D745-B6B0-45F6-A674-4730174E196A}.Release|Any CPU.ActiveCfg = Release|Any CPU
		{4B15D745-B6B0-45F6-A674-4730174E196A}.Release|Any CPU.Build.0 = Release|Any CPU
		{B39A39D5-86AA-49BF-B262-91C1F8A0B33E}.Debug|Any CPU.ActiveCfg = Debug|Any CPU
		{B39A39D5-86AA-49BF-B262-91C1F8A0B33E}.Debug|Any CPU.Build.0 = Debug|Any CPU
		{B39A39D5-86AA-49BF-B262-91C1F8A0B33E}.Release|Any CPU.ActiveCfg = Release|Any CPU
		{B39A39D5-86AA-49BF-B262-91C1F8A0B33E}.Release|Any CPU.Build.0 = Release|Any CPU
		{84D5145D-D7B7-4C56-86FB-19ACBC07D178}.Debug|Any CPU.ActiveCfg = Debug|Any CPU
		{84D5145D-D7B7-4C56-86FB-19ACBC07D178}.Debug|Any CPU.Build.0 = Debug|Any CPU
		{84D5145D-D7B7-4C56-86FB-19ACBC07D178}.Release|Any CPU.ActiveCfg = Release|Any CPU
		{84D5145D-D7B7-4C56-86FB-19ACBC07D178}.Release|Any CPU.Build.0 = Release|Any CPU
		{33BD8C41-A534-400C-B0CA-DA3D6FE7CA21}.Debug|Any CPU.ActiveCfg = Debug|Any CPU
		{33BD8C41-A534-400C-B0CA-DA3D6FE7CA21}.Debug|Any CPU.Build.0 = Debug|Any CPU
		{33BD8C41-A534-400C-B0CA-DA3D6FE7CA21}.Release|Any CPU.ActiveCfg = Release|Any CPU
		{33BD8C41-A534-400C-B0CA-DA3D6FE7CA21}.Release|Any CPU.Build.0 = Release|Any CPU
	EndGlobalSection
	GlobalSection(SolutionProperties) = preSolution
		HideSolutionNode = FALSE
	EndGlobalSection
	GlobalSection(NestedProjects) = preSolution
		{11F2BDD7-9687-4799-8F3E-7A983B5D9E77} = {E69EABFE-2702-41A7-8BC3-2F4F14F191EC}
		{DE1BD6CC-18C4-45EF-B069-8CA747427FB8} = {E69EABFE-2702-41A7-8BC3-2F4F14F191EC}
		{4172289A-A787-4281-9944-D9F33BC0984B} = {1E382F6A-8382-4D33-B55E-41AA144731BD}
		{921656FA-5D31-4661-AC3E-8B57C52C7F95} = {1E382F6A-8382-4D33-B55E-41AA144731BD}
		{1541BFC8-1277-4AD2-A75B-89002F33F2F6} = {1E382F6A-8382-4D33-B55E-41AA144731BD}
		{4B15D745-B6B0-45F6-A674-4730174E196A} = {1E382F6A-8382-4D33-B55E-41AA144731BD}
		{B39A39D5-86AA-49BF-B262-91C1F8A0B33E} = {E69EABFE-2702-41A7-8BC3-2F4F14F191EC}
	EndGlobalSection
	GlobalSection(ExtensibilityGlobals) = postSolution
		SolutionGuid = {6463A193-B233-42FF-AB38-1F5E8AF77597}
	EndGlobalSection
EndGlobal
